
Microsoft Visual Studio Solution File, Format Version 12.00
# Visual Studio 15
VisualStudioVersion = 15.0.26124.0
MinimumVisualStudioVersion = 15.0.26124.0
Project("{FAE04EC0-301F-11D3-BF4B-00C04F79EFBC}") = "Metadata.Api", "Metadata.Api\Metadata.Api.csproj", "{A13012F6-15C5-4F8F-BAE8-A9872FAC9CE2}"
EndProject
Project("{FAE04EC0-301F-11D3-BF4B-00C04F79EFBC}") = "Metadata.Client", "Metadata.Client\Metadata.Client.csproj", "{0EEFDC89-B57D-4FB6-B7C1-C95B82935BEF}"
EndProject
Project("{FAE04EC0-301F-11D3-BF4B-00C04F79EFBC}") = "Metadata.Data", "Metadata.Data\Metadata.Data.csproj", "{7DAF9969-F8A0-462C-8ED4-C41CB3FF98F8}"
EndProject
Global
	GlobalSection(SolutionConfigurationPlatforms) = preSolution
		Debug|Any CPU = Debug|Any CPU
		Debug|x64 = Debug|x64
		Debug|x86 = Debug|x86
		Release|Any CPU = Release|Any CPU
		Release|x64 = Release|x64
		Release|x86 = Release|x86
	EndGlobalSection
	GlobalSection(SolutionProperties) = preSolution
		HideSolutionNode = FALSE
	EndGlobalSection
	GlobalSection(ProjectConfigurationPlatforms) = postSolution
		{A13012F6-15C5-4F8F-BAE8-A9872FAC9CE2}.Debug|Any CPU.ActiveCfg = Debug|Any CPU
		{A13012F6-15C5-4F8F-BAE8-A9872FAC9CE2}.Debug|Any CPU.Build.0 = Debug|Any CPU
		{A13012F6-15C5-4F8F-BAE8-A9872FAC9CE2}.Debug|x64.ActiveCfg = Debug|Any CPU
		{A13012F6-15C5-4F8F-BAE8-A9872FAC9CE2}.Debug|x64.Build.0 = Debug|Any CPU
		{A13012F6-15C5-4F8F-BAE8-A9872FAC9CE2}.Debug|x86.ActiveCfg = Debug|Any CPU
		{A13012F6-15C5-4F8F-BAE8-A9872FAC9CE2}.Debug|x86.Build.0 = Debug|Any CPU
		{A13012F6-15C5-4F8F-BAE8-A9872FAC9CE2}.Release|Any CPU.ActiveCfg = Release|Any CPU
		{A13012F6-15C5-4F8F-BAE8-A9872FAC9CE2}.Release|Any CPU.Build.0 = Release|Any CPU
		{A13012F6-15C5-4F8F-BAE8-A9872FAC9CE2}.Release|x64.ActiveCfg = Release|Any CPU
		{A13012F6-15C5-4F8F-BAE8-A9872FAC9CE2}.Release|x64.Build.0 = Release|Any CPU
		{A13012F6-15C5-4F8F-BAE8-A9872FAC9CE2}.Release|x86.ActiveCfg = Release|Any CPU
		{A13012F6-15C5-4F8F-BAE8-A9872FAC9CE2}.Release|x86.Build.0 = Release|Any CPU
		{0EEFDC89-B57D-4FB6-B7C1-C95B82935BEF}.Debug|Any CPU.ActiveCfg = Debug|Any CPU
		{0EEFDC89-B57D-4FB6-B7C1-C95B82935BEF}.Debug|Any CPU.Build.0 = Debug|Any CPU
		{0EEFDC89-B57D-4FB6-B7C1-C95B82935BEF}.Debug|x64.ActiveCfg = Debug|Any CPU
		{0EEFDC89-B57D-4FB6-B7C1-C95B82935BEF}.Debug|x64.Build.0 = Debug|Any CPU
		{0EEFDC89-B57D-4FB6-B7C1-C95B82935BEF}.Debug|x86.ActiveCfg = Debug|Any CPU
		{0EEFDC89-B57D-4FB6-B7C1-C95B82935BEF}.Debug|x86.Build.0 = Debug|Any CPU
		{0EEFDC89-B57D-4FB6-B7C1-C95B82935BEF}.Release|Any CPU.ActiveCfg = Release|Any CPU
		{0EEFDC89-B57D-4FB6-B7C1-C95B82935BEF}.Release|Any CPU.Build.0 = Release|Any CPU
		{0EEFDC89-B57D-4FB6-B7C1-C95B82935BEF}.Release|x64.ActiveCfg = Release|Any CPU
		{0EEFDC89-B57D-4FB6-B7C1-C95B82935BEF}.Release|x64.Build.0 = Release|Any CPU
		{0EEFDC89-B57D-4FB6-B7C1-C95B82935BEF}.Release|x86.ActiveCfg = Release|Any CPU
		{0EEFDC89-B57D-4FB6-B7C1-C95B82935BEF}.Release|x86.Build.0 = Release|Any CPU
		{7DAF9969-F8A0-462C-8ED4-C41CB3FF98F8}.Debug|Any CPU.ActiveCfg = Debug|Any CPU
		{7DAF9969-F8A0-462C-8ED4-C41CB3FF98F8}.Debug|Any CPU.Build.0 = Debug|Any CPU
		{7DAF9969-F8A0-462C-8ED4-C41CB3FF98F8}.Debug|x64.ActiveCfg = Debug|Any CPU
		{7DAF9969-F8A0-462C-8ED4-C41CB3FF98F8}.Debug|x64.Build.0 = Debug|Any CPU
		{7DAF9969-F8A0-462C-8ED4-C41CB3FF98F8}.Debug|x86.ActiveCfg = Debug|Any CPU
		{7DAF9969-F8A0-462C-8ED4-C41CB3FF98F8}.Debug|x86.Build.0 = Debug|Any CPU
		{7DAF9969-F8A0-462C-8ED4-C41CB3FF98F8}.Release|Any CPU.ActiveCfg = Release|Any CPU
		{7DAF9969-F8A0-462C-8ED4-C41CB3FF98F8}.Release|Any CPU.Build.0 = Release|Any CPU
		{7DAF9969-F8A0-462C-8ED4-C41CB3FF98F8}.Release|x64.ActiveCfg = Release|Any CPU
		{7DAF9969-F8A0-462C-8ED4-C41CB3FF98F8}.Release|x64.Build.0 = Release|Any CPU
		{7DAF9969-F8A0-462C-8ED4-C41CB3FF98F8}.Release|x86.ActiveCfg = Release|Any CPU
		{7DAF9969-F8A0-462C-8ED4-C41CB3FF98F8}.Release|x86.Build.0 = Release|Any CPU
	EndGlobalSection
EndGlobal
